# This file is automatically @generated by Poetry 1.5.4 and should not be changed by hand.

[[package]]
name = "ccextender"
version = "1.28"
description = "Cookiecutter Extended"
optional = false
python-versions = "*"
files = [
    {file = "ccextender-1.28-py3-none-any.whl", hash = "sha256:3f7478818297c179d2b5a17a55de475e4f8e71a1b983adcd11a4a7ec640338b6"},
]

[metadata]
lock-version = "2.0"
python-versions = ">=3.10.0,<3.11"
content-hash = "8c60ef6e9f7be58f911cbaf462ee56cb64ce4bdd5e9519ab1860004f7eb9d513"
